// !$*UTF8*$!
{
	archiveVersion = 1;
	classes = {
	};
	objectVersion = 46;
	objects = {

/* Begin PBXBuildFile section */
		870BFEFA150FEC5700404B03 /* UIKit.framework in Frameworks */ = {isa = PBXBuildFile; fileRef = 870BFEF9150FEC5700404B03 /* UIKit.framework */; };
		870BFEFC150FEC5700404B03 /* Foundation.framework in Frameworks */ = {isa = PBXBuildFile; fileRef = 870BFEFB150FEC5700404B03 /* Foundation.framework */; };
		870BFEFE150FEC5700404B03 /* CoreGraphics.framework in Frameworks */ = {isa = PBXBuildFile; fileRef = 870BFEFD150FEC5700404B03 /* CoreGraphics.framework */; };
		870BFF04150FEC5700404B03 /* InfoPlist.strings in Resources */ = {isa = PBXBuildFile; fileRef = 870BFF02150FEC5700404B03 /* InfoPlist.strings */; };
		870BFF07150FEC5700404B03 /* main.m in Sources */ = {isa = PBXBuildFile; fileRef = 870BFF06150FEC5700404B03 /* main.m */; };
		870BFF0A150FEC5700404B03 /* RSSTestAppDelegate.m in Sources */ = {isa = PBXBuildFile; fileRef = 870BFF09150FEC5700404B03 /* RSSTestAppDelegate.m */; };
		870BFF0D150FEC5700404B03 /* MainWindow.xib in Resources */ = {isa = PBXBuildFile; fileRef = 870BFF0B150FEC5700404B03 /* MainWindow.xib */; };
		870BFF10150FEC5700404B03 /* RootViewController.m in Sources */ = {isa = PBXBuildFile; fileRef = 870BFF0F150FEC5700404B03 /* RootViewController.m */; };
		870BFF13150FEC5700404B03 /* RootViewController.xib in Resources */ = {isa = PBXBuildFile; fileRef = 870BFF11150FEC5700404B03 /* RootViewController.xib */; };
		870BFF1A150FEC5700404B03 /* UIKit.framework in Frameworks */ = {isa = PBXBuildFile; fileRef = 870BFEF9150FEC5700404B03 /* UIKit.framework */; };
		870BFF1B150FEC5700404B03 /* Foundation.framework in Frameworks */ = {isa = PBXBuildFile; fileRef = 870BFEFB150FEC5700404B03 /* Foundation.framework */; };
		870BFF1C150FEC5700404B03 /* CoreGraphics.framework in Frameworks */ = {isa = PBXBuildFile; fileRef = 870BFEFD150FEC5700404B03 /* CoreGraphics.framework */; };
		870BFF24150FEC5700404B03 /* InfoPlist.strings in Resources */ = {isa = PBXBuildFile; fileRef = 870BFF22150FEC5700404B03 /* InfoPlist.strings */; };
		870BFF27150FEC5700404B03 /* RSSTestTests.h in Resources */ = {isa = PBXBuildFile; fileRef = 870BFF26150FEC5700404B03 /* RSSTestTests.h */; };
		870BFF29150FEC5700404B03 /* RSSTestTests.m in Sources */ = {isa = PBXBuildFile; fileRef = 870BFF28150FEC5700404B03 /* RSSTestTests.m */; };
		870BFF34150FEC8D00404B03 /* RSSEntry.m in Sources */ = {isa = PBXBuildFile; fileRef = 870BFF33150FEC8D00404B03 /* RSSEntry.m */; };
		873C73E3151D1A6F00B8483B /* WebViewController.m in Sources */ = {isa = PBXBuildFile; fileRef = 873C73E1151D1A6F00B8483B /* WebViewController.m */; };
		873C73E4151D1A6F00B8483B /* WebViewController.xib in Resources */ = {isa = PBXBuildFile; fileRef = 873C73E2151D1A6F00B8483B /* WebViewController.xib */; };
		874A46FF15129AAA000256EC /* Reachability.m in Sources */ = {isa = PBXBuildFile; fileRef = 874A46E915129AAA000256EC /* Reachability.m */; };
		874A470015129AAA000256EC /* ASINetworkQueue.m in Sources */ = {isa = PBXBuildFile; fileRef = 874A46EC15129AAA000256EC /* ASINetworkQueue.m */; };
		874A470115129AAA000256EC /* ASIInputStream.m in Sources */ = {isa = PBXBuildFile; fileRef = 874A46EE15129AAA000256EC /* ASIInputStream.m */; };
		874A470215129AAA000256EC /* ASIHTTPRequest.m in Sources */ = {isa = PBXBuildFile; fileRef = 874A46F215129AAA000256EC /* ASIHTTPRequest.m */; };
		874A470315129AAA000256EC /* ASIFormDataRequest.m in Sources */ = {isa = PBXBuildFile; fileRef = 874A46F415129AAA000256EC /* ASIFormDataRequest.m */; };
		874A470415129AAA000256EC /* ASIDownloadCache.m in Sources */ = {isa = PBXBuildFile; fileRef = 874A46F615129AAA000256EC /* ASIDownloadCache.m */; };
		874A470515129AAA000256EC /* ASIDataDecompressor.m in Sources */ = {isa = PBXBuildFile; fileRef = 874A46F815129AAA000256EC /* ASIDataDecompressor.m */; };
		874A470615129AAA000256EC /* ASIDataCompressor.m in Sources */ = {isa = PBXBuildFile; fileRef = 874A46FA15129AAA000256EC /* ASIDataCompressor.m */; };
		874A470715129AAA000256EC /* ASIAuthenticationDialog.m in Sources */ = {isa = PBXBuildFile; fileRef = 874A46FD15129AAA000256EC /* ASIAuthenticationDialog.m */; };
		874A470915129B2F000256EC /* SystemConfiguration.framework in Frameworks */ = {isa = PBXBuildFile; fileRef = 874A470815129B2F000256EC /* SystemConfiguration.framework */; };
		874A470B15129B38000256EC /* MobileCoreServices.framework in Frameworks */ = {isa = PBXBuildFile; fileRef = 874A470A15129B38000256EC /* MobileCoreServices.framework */; };
		874A470D15129B41000256EC /* libz.1.2.3.dylib in Frameworks */ = {isa = PBXBuildFile; fileRef = 874A470C15129B41000256EC /* libz.1.2.3.dylib */; };
		874A470F15129B72000256EC /* CFNetwork.framework in Frameworks */ = {isa = PBXBuildFile; fileRef = 874A470E15129B72000256EC /* CFNetwork.framework */; };
		876F3EAD15153AD600AB4459 /* GDataXMLNode.m in Sources */ = {isa = PBXBuildFile; fileRef = 876F3EAB15153AD600AB4459 /* GDataXMLNode.m */; };
		876F3EB315154B3F00AB4459 /* GDataXMLExtra.m in Sources */ = {isa = PBXBuildFile; fileRef = 876F3EB215154B3F00AB4459 /* GDataXMLExtra.m */; };
/* End PBXBuildFile section */

/* Begin PBXContainerItemProxy section */
		870BFF1D150FEC5700404B03 /* PBXContainerItemProxy */ = {
			isa = PBXContainerItemProxy;
			containerPortal = 870BFEEC150FEC5600404B03 /* Project object */;
			proxyType = 1;
			remoteGlobalIDString = 870BFEF4150FEC5700404B03;
			remoteInfo = RSSTest;
		};
/* End PBXContainerItemProxy section */

/* Begin PBXFileReference section */
		870BFEF5150FEC5700404B03 /* RSSTest.app */ = {isa = PBXFileReference; explicitFileType = wrapper.application; includeInIndex = 0; path = RSSTest.app; sourceTree = BUILT_PRODUCTS_DIR; };
		870BFEF9150FEC5700404B03 /* UIKit.framework */ = {isa = PBXFileReference; lastKnownFileType = wrapper.framework; name = UIKit.framework; path = System/Library/Frameworks/UIKit.framework; sourceTree = SDKROOT; };
		870BFEFB150FEC5700404B03 /* Foundation.framework */ = {isa = PBXFileReference; lastKnownFileType = wrapper.framework; name = Foundation.framework; path = System/Library/Frameworks/Foundation.framework; sourceTree = SDKROOT; };
		870BFEFD150FEC5700404B03 /* CoreGraphics.framework */ = {isa = PBXFileReference; lastKnownFileType = wrapper.framework; name = CoreGraphics.framework; path = System/Library/Frameworks/CoreGraphics.framework; sourceTree = SDKROOT; };
		870BFF01150FEC5700404B03 /* RSSTest-Info.plist */ = {isa = PBXFileReference; lastKnownFileType = text.plist.xml; path = "RSSTest-Info.plist"; sourceTree = "<group>"; };
		870BFF03150FEC5700404B03 /* en */ = {isa = PBXFileReference; lastKnownFileType = text.plist.strings; name = en; path = en.lproj/InfoPlist.strings; sourceTree = "<group>"; };
		870BFF05150FEC5700404B03 /* RSSTest-Prefix.pch */ = {isa = PBXFileReference; lastKnownFileType = sourcecode.c.h; path = "RSSTest-Prefix.pch"; sourceTree = "<group>"; };
		870BFF06150FEC5700404B03 /* main.m */ = {isa = PBXFileReference; lastKnownFileType = sourcecode.c.objc; path = main.m; sourceTree = "<group>"; };
		870BFF08150FEC5700404B03 /* RSSTestAppDelegate.h */ = {isa = PBXFileReference; lastKnownFileType = sourcecode.c.h; path = RSSTestAppDelegate.h; sourceTree = "<group>"; };
		870BFF09150FEC5700404B03 /* RSSTestAppDelegate.m */ = {isa = PBXFileReference; lastKnownFileType = sourcecode.c.objc; path = RSSTestAppDelegate.m; sourceTree = "<group>"; };
		870BFF0C150FEC5700404B03 /* en */ = {isa = PBXFileReference; lastKnownFileType = file.xib; name = en; path = en.lproj/MainWindow.xib; sourceTree = "<group>"; };
		870BFF0E150FEC5700404B03 /* RootViewController.h */ = {isa = PBXFileReference; lastKnownFileType = sourcecode.c.h; path = RootViewController.h; sourceTree = "<group>"; };
		870BFF0F150FEC5700404B03 /* RootViewController.m */ = {isa = PBXFileReference; lastKnownFileType = sourcecode.c.objc; path = RootViewController.m; sourceTree = "<group>"; };
		870BFF12150FEC5700404B03 /* en */ = {isa = PBXFileReference; lastKnownFileType = file.xib; name = en; path = en.lproj/RootViewController.xib; sourceTree = "<group>"; };
		870BFF19150FEC5700404B03 /* RSSTestTests.octest */ = {isa = PBXFileReference; explicitFileType = wrapper.cfbundle; includeInIndex = 0; path = RSSTestTests.octest; sourceTree = BUILT_PRODUCTS_DIR; };
		870BFF21150FEC5700404B03 /* RSSTestTests-Info.plist */ = {isa = PBXFileReference; lastKnownFileType = text.plist.xml; path = "RSSTestTests-Info.plist"; sourceTree = "<group>"; };
		870BFF23150FEC5700404B03 /* en */ = {isa = PBXFileReference; lastKnownFileType = text.plist.strings; name = en; path = en.lproj/InfoPlist.strings; sourceTree = "<group>"; };
		870BFF25150FEC5700404B03 /* RSSTestTests-Prefix.pch */ = {isa = PBXFileReference; lastKnownFileType = sourcecode.c.h; path = "RSSTestTests-Prefix.pch"; sourceTree = "<group>"; };
		870BFF26150FEC5700404B03 /* RSSTestTests.h */ = {isa = PBXFileReference; lastKnownFileType = sourcecode.c.h; path = RSSTestTests.h; sourceTree = "<group>"; };
		870BFF28150FEC5700404B03 /* RSSTestTests.m */ = {isa = PBXFileReference; lastKnownFileType = sourcecode.c.objc; path = RSSTestTests.m; sourceTree = "<group>"; };
		870BFF32150FEC8D00404B03 /* RSSEntry.h */ = {isa = PBXFileReference; fileEncoding = 4; lastKnownFileType = sourcecode.c.h; path = RSSEntry.h; sourceTree = "<group>"; };
		870BFF33150FEC8D00404B03 /* RSSEntry.m */ = {isa = PBXFileReference; fileEncoding = 4; lastKnownFileType = sourcecode.c.objc; path = RSSEntry.m; sourceTree = "<group>"; };
		873C73E0151D1A6F00B8483B /* WebViewController.h */ = {isa = PBXFileReference; fileEncoding = 4; lastKnownFileType = sourcecode.c.h; path = WebViewController.h; sourceTree = "<group>"; };
		873C73E1151D1A6F00B8483B /* WebViewController.m */ = {isa = PBXFileReference; fileEncoding = 4; lastKnownFileType = sourcecode.c.objc; path = WebViewController.m; sourceTree = "<group>"; };
		873C73E2151D1A6F00B8483B /* WebViewController.xib */ = {isa = PBXFileReference; fileEncoding = 4; lastKnownFileType = file.xib; path = WebViewController.xib; sourceTree = "<group>"; };
		874A46E915129AAA000256EC /* Reachability.m */ = {isa = PBXFileReference; fileEncoding = 4; lastKnownFileType = sourcecode.c.objc; name = Reachability.m; path = ASIHTTPRequest/Reachability.m; sourceTree = "<group>"; };
		874A46EA15129AAA000256EC /* Reachability.h */ = {isa = PBXFileReference; fileEncoding = 4; lastKnownFileType = sourcecode.c.h; name = Reachability.h; path = ASIHTTPRequest/Reachability.h; sourceTree = "<group>"; };
		874A46EB15129AAA000256EC /* ASIProgressDelegate.h */ = {isa = PBXFileReference; fileEncoding = 4; lastKnownFileType = sourcecode.c.h; name = ASIProgressDelegate.h; path = ASIHTTPRequest/ASIProgressDelegate.h; sourceTree = "<group>"; };
		874A46EC15129AAA000256EC /* ASINetworkQueue.m */ = {isa = PBXFileReference; fileEncoding = 4; lastKnownFileType = sourcecode.c.objc; name = ASINetworkQueue.m; path = ASIHTTPRequest/ASINetworkQueue.m; sourceTree = "<group>"; };
		874A46ED15129AAA000256EC /* ASINetworkQueue.h */ = {isa = PBXFileReference; fileEncoding = 4; lastKnownFileType = sourcecode.c.h; name = ASINetworkQueue.h; path = ASIHTTPRequest/ASINetworkQueue.h; sourceTree = "<group>"; };
		874A46EE15129AAA000256EC /* ASIInputStream.m */ = {isa = PBXFileReference; fileEncoding = 4; lastKnownFileType = sourcecode.c.objc; name = ASIInputStream.m; path = ASIHTTPRequest/ASIInputStream.m; sourceTree = "<group>"; };
		874A46EF15129AAA000256EC /* ASIInputStream.h */ = {isa = PBXFileReference; fileEncoding = 4; lastKnownFileType = sourcecode.c.h; name = ASIInputStream.h; path = ASIHTTPRequest/ASIInputStream.h; sourceTree = "<group>"; };
		874A46F015129AAA000256EC /* ASIHTTPRequestDelegate.h */ = {isa = PBXFileReference; fileEncoding = 4; lastKnownFileType = sourcecode.c.h; name = ASIHTTPRequestDelegate.h; path = ASIHTTPRequest/ASIHTTPRequestDelegate.h; sourceTree = "<group>"; };
		874A46F115129AAA000256EC /* ASIHTTPRequestConfig.h */ = {isa = PBXFileReference; fileEncoding = 4; lastKnownFileType = sourcecode.c.h; name = ASIHTTPRequestConfig.h; path = ASIHTTPRequest/ASIHTTPRequestConfig.h; sourceTree = "<group>"; };
		874A46F215129AAA000256EC /* ASIHTTPRequest.m */ = {isa = PBXFileReference; fileEncoding = 4; lastKnownFileType = sourcecode.c.objc; name = ASIHTTPRequest.m; path = ASIHTTPRequest/ASIHTTPRequest.m; sourceTree = "<group>"; };
		874A46F315129AAA000256EC /* ASIHTTPRequest.h */ = {isa = PBXFileReference; fileEncoding = 4; lastKnownFileType = sourcecode.c.h; name = ASIHTTPRequest.h; path = ASIHTTPRequest/ASIHTTPRequest.h; sourceTree = "<group>"; };
		874A46F415129AAA000256EC /* ASIFormDataRequest.m */ = {isa = PBXFileReference; fileEncoding = 4; lastKnownFileType = sourcecode.c.objc; name = ASIFormDataRequest.m; path = ASIHTTPRequest/ASIFormDataRequest.m; sourceTree = "<group>"; };
		874A46F515129AAA000256EC /* ASIFormDataRequest.h */ = {isa = PBXFileReference; fileEncoding = 4; lastKnownFileType = sourcecode.c.h; name = ASIFormDataRequest.h; path = ASIHTTPRequest/ASIFormDataRequest.h; sourceTree = "<group>"; };
		874A46F615129AAA000256EC /* ASIDownloadCache.m */ = {isa = PBXFileReference; fileEncoding = 4; lastKnownFileType = sourcecode.c.objc; name = ASIDownloadCache.m; path = ASIHTTPRequest/ASIDownloadCache.m; sourceTree = "<group>"; };
		874A46F715129AAA000256EC /* ASIDownloadCache.h */ = {isa = PBXFileReference; fileEncoding = 4; lastKnownFileType = sourcecode.c.h; name = ASIDownloadCache.h; path = ASIHTTPRequest/ASIDownloadCache.h; sourceTree = "<group>"; };
		874A46F815129AAA000256EC /* ASIDataDecompressor.m */ = {isa = PBXFileReference; fileEncoding = 4; lastKnownFileType = sourcecode.c.objc; name = ASIDataDecompressor.m; path = ASIHTTPRequest/ASIDataDecompressor.m; sourceTree = "<group>"; };
		874A46F915129AAA000256EC /* ASIDataDecompressor.h */ = {isa = PBXFileReference; fileEncoding = 4; lastKnownFileType = sourcecode.c.h; name = ASIDataDecompressor.h; path = ASIHTTPRequest/ASIDataDecompressor.h; sourceTree = "<group>"; };
		874A46FA15129AAA000256EC /* ASIDataCompressor.m */ = {isa = PBXFileReference; fileEncoding = 4; lastKnownFileType = sourcecode.c.objc; name = ASIDataCompressor.m; path = ASIHTTPRequest/ASIDataCompressor.m; sourceTree = "<group>"; };
		874A46FB15129AAA000256EC /* ASIDataCompressor.h */ = {isa = PBXFileReference; fileEncoding = 4; lastKnownFileType = sourcecode.c.h; name = ASIDataCompressor.h; path = ASIHTTPRequest/ASIDataCompressor.h; sourceTree = "<group>"; };
		874A46FC15129AAA000256EC /* ASICacheDelegate.h */ = {isa = PBXFileReference; fileEncoding = 4; lastKnownFileType = sourcecode.c.h; name = ASICacheDelegate.h; path = ASIHTTPRequest/ASICacheDelegate.h; sourceTree = "<group>"; };
		874A46FD15129AAA000256EC /* ASIAuthenticationDialog.m */ = {isa = PBXFileReference; fileEncoding = 4; lastKnownFileType = sourcecode.c.objc; name = ASIAuthenticationDialog.m; path = ASIHTTPRequest/ASIAuthenticationDialog.m; sourceTree = "<group>"; };
		874A46FE15129AAA000256EC /* ASIAuthenticationDialog.h */ = {isa = PBXFileReference; fileEncoding = 4; lastKnownFileType = sourcecode.c.h; name = ASIAuthenticationDialog.h; path = ASIHTTPRequest/ASIAuthenticationDialog.h; sourceTree = "<group>"; };
		874A470815129B2F000256EC /* SystemConfiguration.framework */ = {isa = PBXFileReference; lastKnownFileType = wrapper.framework; name = SystemConfiguration.framework; path = System/Library/Frameworks/SystemConfiguration.framework; sourceTree = SDKROOT; };
		874A470A15129B38000256EC /* MobileCoreServices.framework */ = {isa = PBXFileReference; lastKnownFileType = wrapper.framework; name = MobileCoreServices.framework; path = System/Library/Frameworks/MobileCoreServices.framework; sourceTree = SDKROOT; };
		874A470C15129B41000256EC /* libz.1.2.3.dylib */ = {isa = PBXFileReference; lastKnownFileType = "compiled.mach-o.dylib"; name = libz.1.2.3.dylib; path = usr/lib/libz.1.2.3.dylib; sourceTree = SDKROOT; };
		874A470E15129B72000256EC /* CFNetwork.framework */ = {isa = PBXFileReference; lastKnownFileType = wrapper.framework; name = CFNetwork.framework; path = System/Library/Frameworks/CFNetwork.framework; sourceTree = SDKROOT; };
		876F3EAB15153AD600AB4459 /* GDataXMLNode.m */ = {isa = PBXFileReference; fileEncoding = 4; lastKnownFileType = sourcecode.c.objc; name = GDataXMLNode.m; path = GDataXML/GDataXMLNode.m; sourceTree = "<group>"; };
		876F3EAC15153AD600AB4459 /* GDataXMLNode.h */ = {isa = PBXFileReference; fileEncoding = 4; lastKnownFileType = sourcecode.c.h; name = GDataXMLNode.h; path = GDataXML/GDataXMLNode.h; sourceTree = "<group>"; };
		876F3EB115154B3F00AB4459 /* GDataXMLExtra.h */ = {isa = PBXFileReference; fileEncoding = 4; lastKnownFileType = sourcecode.c.h; path = GDataXMLExtra.h; sourceTree = "<group>"; };
		876F3EB215154B3F00AB4459 /* GDataXMLExtra.m */ = {isa = PBXFileReference; fileEncoding = 4; lastKnownFileType = sourcecode.c.objc; path = GDataXMLExtra.m; sourceTree = "<group>"; };
/* End PBXFileReference section */

/* Begin PBXFrameworksBuildPhase section */
		870BFEF2150FEC5700404B03 /* Frameworks */ = {
			isa = PBXFrameworksBuildPhase;
			buildActionMask = 2147483647;
			files = (
				874A470F15129B72000256EC /* CFNetwork.framework in Frameworks */,
				874A470D15129B41000256EC /* libz.1.2.3.dylib in Frameworks */,
				874A470B15129B38000256EC /* MobileCoreServices.framework in Frameworks */,
				874A470915129B2F000256EC /* SystemConfiguration.framework in Frameworks */,
				870BFEFA150FEC5700404B03 /* UIKit.framework in Frameworks */,
				870BFEFC150FEC5700404B03 /* Foundation.framework in Frameworks */,
				870BFEFE150FEC5700404B03 /* CoreGraphics.framework in Frameworks */,
			);
			runOnlyForDeploymentPostprocessing = 0;
		};
		870BFF15150FEC5700404B03 /* Frameworks */ = {
			isa = PBXFrameworksBuildPhase;
			buildActionMask = 2147483647;
			files = (
				870BFF1A150FEC5700404B03 /* UIKit.framework in Frameworks */,
				870BFF1B150FEC5700404B03 /* Foundation.framework in Frameworks */,
				870BFF1C150FEC5700404B03 /* CoreGraphics.framework in Frameworks */,
			);
			runOnlyForDeploymentPostprocessing = 0;
		};
/* End PBXFrameworksBuildPhase section */

/* Begin PBXGroup section */
		870BFEEA150FEC5600404B03 = {
			isa = PBXGroup;
			children = (
				874A470E15129B72000256EC /* CFNetwork.framework */,
				874A470C15129B41000256EC /* libz.1.2.3.dylib */,
				874A470A15129B38000256EC /* MobileCoreServices.framework */,
				874A470815129B2F000256EC /* SystemConfiguration.framework */,
				870BFEFF150FEC5700404B03 /* RSSTest */,
				870BFF1F150FEC5700404B03 /* RSSTestTests */,
				870BFEF8150FEC5700404B03 /* Frameworks */,
				870BFEF6150FEC5700404B03 /* Products */,
			);
			sourceTree = "<group>";
		};
		870BFEF6150FEC5700404B03 /* Products */ = {
			isa = PBXGroup;
			children = (
				870BFEF5150FEC5700404B03 /* RSSTest.app */,
				870BFF19150FEC5700404B03 /* RSSTestTests.octest */,
			);
			name = Products;
			sourceTree = "<group>";
		};
		870BFEF8150FEC5700404B03 /* Frameworks */ = {
			isa = PBXGroup;
			children = (
				870BFEF9150FEC5700404B03 /* UIKit.framework */,
				870BFEFB150FEC5700404B03 /* Foundation.framework */,
				870BFEFD150FEC5700404B03 /* CoreGraphics.framework */,
			);
			name = Frameworks;
			sourceTree = "<group>";
		};
		870BFEFF150FEC5700404B03 /* RSSTest */ = {
			isa = PBXGroup;
			children = (
				874A46E715129A6F000256EC /* ASIHTTPRequest */,
				870BFF08150FEC5700404B03 /* RSSTestAppDelegate.h */,
				870BFF09150FEC5700404B03 /* RSSTestAppDelegate.m */,
				870BFF0B150FEC5700404B03 /* MainWindow.xib */,
				870BFF0E150FEC5700404B03 /* RootViewController.h */,
				870BFF0F150FEC5700404B03 /* RootViewController.m */,
				873C73E0151D1A6F00B8483B /* WebViewController.h */,
				873C73E1151D1A6F00B8483B /* WebViewController.m */,
				873C73E2151D1A6F00B8483B /* WebViewController.xib */,
				876F3EA915153A8F00AB4459 /* GDataXML */,
				870BFF11150FEC5700404B03 /* RootViewController.xib */,
				870BFF32150FEC8D00404B03 /* RSSEntry.h */,
				870BFF33150FEC8D00404B03 /* RSSEntry.m */,
				870BFF00150FEC5700404B03 /* Supporting Files */,
			);
			path = RSSTest;
			sourceTree = "<group>";
		};
		870BFF00150FEC5700404B03 /* Supporting Files */ = {
			isa = PBXGroup;
			children = (
				870BFF01150FEC5700404B03 /* RSSTest-Info.plist */,
				870BFF02150FEC5700404B03 /* InfoPlist.strings */,
				870BFF05150FEC5700404B03 /* RSSTest-Prefix.pch */,
				870BFF06150FEC5700404B03 /* main.m */,
			);
			name = "Supporting Files";
			sourceTree = "<group>";
		};
		870BFF1F150FEC5700404B03 /* RSSTestTests */ = {
			isa = PBXGroup;
			children = (
				870BFF26150FEC5700404B03 /* RSSTestTests.h */,
				870BFF28150FEC5700404B03 /* RSSTestTests.m */,
				870BFF20150FEC5700404B03 /* Supporting Files */,
			);
			path = RSSTestTests;
			sourceTree = "<group>";
		};
		870BFF20150FEC5700404B03 /* Supporting Files */ = {
			isa = PBXGroup;
			children = (
				870BFF21150FEC5700404B03 /* RSSTestTests-Info.plist */,
				870BFF22150FEC5700404B03 /* InfoPlist.strings */,
				870BFF25150FEC5700404B03 /* RSSTestTests-Prefix.pch */,
			);
			name = "Supporting Files";
			sourceTree = "<group>";
		};
		874A46E715129A6F000256EC /* ASIHTTPRequest */ = {
			isa = PBXGroup;
			children = (
				874A46E915129AAA000256EC /* Reachability.m */,
				874A46EA15129AAA000256EC /* Reachability.h */,
				874A46EB15129AAA000256EC /* ASIProgressDelegate.h */,
				874A46EC15129AAA000256EC /* ASINetworkQueue.m */,
				874A46ED15129AAA000256EC /* ASINetworkQueue.h */,
				874A46EE15129AAA000256EC /* ASIInputStream.m */,
				874A46EF15129AAA000256EC /* ASIInputStream.h */,
				874A46F015129AAA000256EC /* ASIHTTPRequestDelegate.h */,
				874A46F115129AAA000256EC /* ASIHTTPRequestConfig.h */,
				874A46F215129AAA000256EC /* ASIHTTPRequest.m */,
				874A46F315129AAA000256EC /* ASIHTTPRequest.h */,
				874A46F415129AAA000256EC /* ASIFormDataRequest.m */,
				874A46F515129AAA000256EC /* ASIFormDataRequest.h */,
				874A46F615129AAA000256EC /* ASIDownloadCache.m */,
				874A46F715129AAA000256EC /* ASIDownloadCache.h */,
				874A46F815129AAA000256EC /* ASIDataDecompressor.m */,
				874A46F915129AAA000256EC /* ASIDataDecompressor.h */,
				874A46FA15129AAA000256EC /* ASIDataCompressor.m */,
				874A46FB15129AAA000256EC /* ASIDataCompressor.h */,
				874A46FC15129AAA000256EC /* ASICacheDelegate.h */,
				874A46FD15129AAA000256EC /* ASIAuthenticationDialog.m */,
				874A46FE15129AAA000256EC /* ASIAuthenticationDialog.h */,
			);
			name = ASIHTTPRequest;
			sourceTree = "<group>";
		};
		876F3EA915153A8F00AB4459 /* GDataXML */ = {
			isa = PBXGroup;
			children = (
				876F3EAB15153AD600AB4459 /* GDataXMLNode.m */,
				876F3EAC15153AD600AB4459 /* GDataXMLNode.h */,
				876F3EB115154B3F00AB4459 /* GDataXMLExtra.h */,
				876F3EB215154B3F00AB4459 /* GDataXMLExtra.m */,
			);
			name = GDataXML;
			sourceTree = "<group>";
		};
/* End PBXGroup section */

/* Begin PBXNativeTarget section */
		870BFEF4150FEC5700404B03 /* RSSTest */ = {
			isa = PBXNativeTarget;
			buildConfigurationList = 870BFF2C150FEC5700404B03 /* Build configuration list for PBXNativeTarget "RSSTest" */;
			buildPhases = (
				870BFEF1150FEC5700404B03 /* Sources */,
				870BFEF2150FEC5700404B03 /* Frameworks */,
				870BFEF3150FEC5700404B03 /* Resources */,
			);
			buildRules = (
			);
			dependencies = (
			);
			name = RSSTest;
			productName = RSSTest;
			productReference = 870BFEF5150FEC5700404B03 /* RSSTest.app */;
			productType = "com.apple.product-type.application";
		};
		870BFF18150FEC5700404B03 /* RSSTestTests */ = {
			isa = PBXNativeTarget;
			buildConfigurationList = 870BFF2F150FEC5700404B03 /* Build configuration list for PBXNativeTarget "RSSTestTests" */;
			buildPhases = (
				870BFF14150FEC5700404B03 /* Sources */,
				870BFF15150FEC5700404B03 /* Frameworks */,
				870BFF16150FEC5700404B03 /* Resources */,
				870BFF17150FEC5700404B03 /* ShellScript */,
			);
			buildRules = (
			);
			dependencies = (
				870BFF1E150FEC5700404B03 /* PBXTargetDependency */,
			);
			name = RSSTestTests;
			productName = RSSTestTests;
			productReference = 870BFF19150FEC5700404B03 /* RSSTestTests.octest */;
			productType = "com.apple.product-type.bundle";
		};
/* End PBXNativeTarget section */

/* Begin PBXProject section */
		870BFEEC150FEC5600404B03 /* Project object */ = {
			isa = PBXProject;
			buildConfigurationList = 870BFEEF150FEC5600404B03 /* Build configuration list for PBXProject "RSSTest" */;
			compatibilityVersion = "Xcode 3.2";
			developmentRegion = English;
			hasScannedForEncodings = 0;
			knownRegions = (
				en,
			);
			mainGroup = 870BFEEA150FEC5600404B03;
			productRefGroup = 870BFEF6150FEC5700404B03 /* Products */;
			projectDirPath = "";
			projectRoot = "";
			targets = (
				870BFEF4150FEC5700404B03 /* RSSTest */,
				870BFF18150FEC5700404B03 /* RSSTestTests */,
			);
		};
/* End PBXProject section */

/* Begin PBXResourcesBuildPhase section */
		870BFEF3150FEC5700404B03 /* Resources */ = {
			isa = PBXResourcesBuildPhase;
			buildActionMask = 2147483647;
			files = (
				870BFF04150FEC5700404B03 /* InfoPlist.strings in Resources */,
				870BFF0D150FEC5700404B03 /* MainWindow.xib in Resources */,
				870BFF13150FEC5700404B03 /* RootViewController.xib in Resources */,
				873C73E4151D1A6F00B8483B /* WebViewController.xib in Resources */,
			);
			runOnlyForDeploymentPostprocessing = 0;
		};
		870BFF16150FEC5700404B03 /* Resources */ = {
			isa = PBXResourcesBuildPhase;
			buildActionMask = 2147483647;
			files = (
				870BFF24150FEC5700404B03 /* InfoPlist.strings in Resources */,
				870BFF27150FEC5700404B03 /* RSSTestTests.h in Resources */,
			);
			runOnlyForDeploymentPostprocessing = 0;
		};
/* End PBXResourcesBuildPhase section */

/* Begin PBXShellScriptBuildPhase section */
		870BFF17150FEC5700404B03 /* ShellScript */ = {
			isa = PBXShellScriptBuildPhase;
			buildActionMask = 2147483647;
			files = (
			);
			inputPaths = (
			);
			outputPaths = (
			);
			runOnlyForDeploymentPostprocessing = 0;
			shellPath = /bin/sh;
			shellScript = "# Run the unit tests in this test bundle.\n\"${SYSTEM_DEVELOPER_DIR}/Tools/RunUnitTests\"\n";
		};
/* End PBXShellScriptBuildPhase section */

/* Begin PBXSourcesBuildPhase section */
		870BFEF1150FEC5700404B03 /* Sources */ = {
			isa = PBXSourcesBuildPhase;
			buildActionMask = 2147483647;
			files = (
				870BFF07150FEC5700404B03 /* main.m in Sources */,
				870BFF0A150FEC5700404B03 /* RSSTestAppDelegate.m in Sources */,
				870BFF10150FEC5700404B03 /* RootViewController.m in Sources */,
				870BFF34150FEC8D00404B03 /* RSSEntry.m in Sources */,
				874A46FF15129AAA000256EC /* Reachability.m in Sources */,
				874A470015129AAA000256EC /* ASINetworkQueue.m in Sources */,
				874A470115129AAA000256EC /* ASIInputStream.m in Sources */,
				874A470215129AAA000256EC /* ASIHTTPRequest.m in Sources */,
				874A470315129AAA000256EC /* ASIFormDataRequest.m in Sources */,
				874A470415129AAA000256EC /* ASIDownloadCache.m in Sources */,
				874A470515129AAA000256EC /* ASIDataDecompressor.m in Sources */,
				874A470615129AAA000256EC /* ASIDataCompressor.m in Sources */,
				874A470715129AAA000256EC /* ASIAuthenticationDialog.m in Sources */,
				876F3EAD15153AD600AB4459 /* GDataXMLNode.m in Sources */,
				876F3EB315154B3F00AB4459 /* GDataXMLExtra.m in Sources */,
				873C73E3151D1A6F00B8483B /* WebViewController.m in Sources */,
			);
			runOnlyForDeploymentPostprocessing = 0;
		};
		870BFF14150FEC5700404B03 /* Sources */ = {
			isa = PBXSourcesBuildPhase;
			buildActionMask = 2147483647;
			files = (
				870BFF29150FEC5700404B03 /* RSSTestTests.m in Sources */,
			);
			runOnlyForDeploymentPostprocessing = 0;
		};
/* End PBXSourcesBuildPhase section */

/* Begin PBXTargetDependency section */
		870BFF1E150FEC5700404B03 /* PBXTargetDependency */ = {
			isa = PBXTargetDependency;
			target = 870BFEF4150FEC5700404B03 /* RSSTest */;
			targetProxy = 870BFF1D150FEC5700404B03 /* PBXContainerItemProxy */;
		};
/* End PBXTargetDependency section */

/* Begin PBXVariantGroup section */
		870BFF02150FEC5700404B03 /* InfoPlist.strings */ = {
			isa = PBXVariantGroup;
			children = (
				870BFF03150FEC5700404B03 /* en */,
			);
			name = InfoPlist.strings;
			sourceTree = "<group>";
		};
		870BFF0B150FEC5700404B03 /* MainWindow.xib */ = {
			isa = PBXVariantGroup;
			children = (
				870BFF0C150FEC5700404B03 /* en */,
			);
			name = MainWindow.xib;
			sourceTree = "<group>";
		};
		870BFF11150FEC5700404B03 /* RootViewController.xib */ = {
			isa = PBXVariantGroup;
			children = (
				870BFF12150FEC5700404B03 /* en */,
			);
			name = RootViewController.xib;
			sourceTree = "<group>";
		};
		870BFF22150FEC5700404B03 /* InfoPlist.strings */ = {
			isa = PBXVariantGroup;
			children = (
				870BFF23150FEC5700404B03 /* en */,
			);
			name = InfoPlist.strings;
			sourceTree = "<group>";
		};
/* End PBXVariantGroup section */

/* Begin XCBuildConfiguration section */
		870BFF2A150FEC5700404B03 /* Debug */ = {
			isa = XCBuildConfiguration;
			buildSettings = {
				ARCHS = "$(ARCHS_STANDARD_32_BIT)";
				"CODE_SIGN_IDENTITY[sdk=iphoneos*]" = "iPhone Developer";
				GCC_C_LANGUAGE_STANDARD = gnu99;
				GCC_OPTIMIZATION_LEVEL = 0;
				GCC_PREPROCESSOR_DEFINITIONS = DEBUG;
				GCC_SYMBOLS_PRIVATE_EXTERN = NO;
				GCC_VERSION = com.apple.compilers.llvmgcc42;
				GCC_WARN_ABOUT_RETURN_TYPE = YES;
				GCC_WARN_UNUSED_VARIABLE = YES;
				IPHONEOS_DEPLOYMENT_TARGET = 4.3;
				OTHER_LDFLAGS = "-lxml2";
				SDKROOT = iphoneos;
			};
			name = Debug;
		};
		870BFF2B150FEC5700404B03 /* Release */ = {
			isa = XCBuildConfiguration;
			buildSettings = {
				ARCHS = "$(ARCHS_STANDARD_32_BIT)";
				"CODE_SIGN_IDENTITY[sdk=iphoneos*]" = "iPhone Developer";
				GCC_C_LANGUAGE_STANDARD = gnu99;
				GCC_VERSION = com.apple.compilers.llvmgcc42;
				GCC_WARN_ABOUT_RETURN_TYPE = YES;
				GCC_WARN_UNUSED_VARIABLE = YES;
				"HEADER_SEARCH_PATHS[arch=*]" = /usr/include/libxml2;
				IPHONEOS_DEPLOYMENT_TARGET = 4.3;
				OTHER_CFLAGS = "-DNS_BLOCK_ASSERTIONS=1";
				OTHER_LDFLAGS = "-lxml2";
				SDKROOT = iphoneos;
			};
			name = Release;
		};
		870BFF2D150FEC5700404B03 /* Debug */ = {
			isa = XCBuildConfiguration;
			buildSettings = {
				ALWAYS_SEARCH_USER_PATHS = NO;
				COPY_PHASE_STRIP = NO;
				GCC_DYNAMIC_NO_PIC = NO;
				GCC_PRECOMPILE_PREFIX_HEADER = YES;
				GCC_PREFIX_HEADER = "RSSTest/RSSTest-Prefix.pch";
				"HEADER_SEARCH_PATHS[arch=*]" = /usr/include/libxml2;
				INFOPLIST_FILE = "RSSTest/RSSTest-Info.plist";
				PRODUCT_NAME = "$(TARGET_NAME)";
				WRAPPER_EXTENSION = app;
			};
			name = Debug;
		};
		870BFF2E150FEC5700404B03 /* Release */ = {
			isa = XCBuildConfiguration;
			buildSettings = {
				ALWAYS_SEARCH_USER_PATHS = NO;
				COPY_PHASE_STRIP = YES;
				GCC_PRECOMPILE_PREFIX_HEADER = YES;
				GCC_PREFIX_HEADER = "RSSTest/RSSTest-Prefix.pch";
				INFOPLIST_FILE = "RSSTest/RSSTest-Info.plist";
				PRODUCT_NAME = "$(TARGET_NAME)";
				VALIDATE_PRODUCT = YES;
				WRAPPER_EXTENSION = app;
			};
			name = Release;
		};
		870BFF30150FEC5700404B03 /* Debug */ = {
			isa = XCBuildConfiguration;
			buildSettings = {
				ALWAYS_SEARCH_USER_PATHS = NO;
				BUNDLE_LOADER = "$(BUILT_PRODUCTS_DIR)/RSSTest.app/RSSTest";
				FRAMEWORK_SEARCH_PATHS = (
					"$(SDKROOT)/Developer/Library/Frameworks",
					"$(DEVELOPER_LIBRARY_DIR)/Frameworks",
				);
				GCC_PRECOMPILE_PREFIX_HEADER = YES;
				GCC_PREFIX_HEADER = "RSSTestTests/RSSTestTests-Prefix.pch";
				INFOPLIST_FILE = "RSSTestTests/RSSTestTests-Info.plist";
				OTHER_LDFLAGS = (
					"-framework",
					SenTestingKit,
				);
				PRODUCT_NAME = "$(TARGET_NAME)";
				TEST_HOST = "$(BUNDLE_LOADER)";
				WRAPPER_EXTENSION = octest;
			};
			name = Debug;
		};
		870BFF31150FEC5700404B03 /* Release */ = {
			isa = XCBuildConfiguration;
			buildSettings = {
				ALWAYS_SEARCH_USER_PATHS = NO;
				BUNDLE_LOADER = "$(BUILT_PRODUCTS_DIR)/RSSTest.app/RSSTest";
				FRAMEWORK_SEARCH_PATHS = (
					"$(SDKROOT)/Developer/Library/Frameworks",
					"$(DEVELOPER_LIBRARY_DIR)/Frameworks",
				);
				GCC_PRECOMPILE_PREFIX_HEADER = YES;
				GCC_PREFIX_HEADER = "RSSTestTests/RSSTestTests-Prefix.pch";
				INFOPLIST_FILE = "RSSTestTests/RSSTestTests-Info.plist";
				OTHER_LDFLAGS = (
					"-framework",
					SenTestingKit,
				);
				PRODUCT_NAME = "$(TARGET_NAME)";
				TEST_HOST = "$(BUNDLE_LOADER)";
				WRAPPER_EXTENSION = octest;
			};
			name = Release;
		};
/* End XCBuildConfiguration section */

/* Begin XCConfigurationList section */
		870BFEEF150FEC5600404B03 /* Build configuration list for PBXProject "RSSTest" */ = {
			isa = XCConfigurationList;
			buildConfigurations = (
				870BFF2A150FEC5700404B03 /* Debug */,
				870BFF2B150FEC5700404B03 /* Release */,
			);
			defaultConfigurationIsVisible = 0;
			defaultConfigurationName = Release;
		};
		870BFF2C150FEC5700404B03 /* Build configuration list for PBXNativeTarget "RSSTest" */ = {
			isa = XCConfigurationList;
			buildConfigurations = (
				870BFF2D150FEC5700404B03 /* Debug */,
				870BFF2E150FEC5700404B03 /* Release */,
			);
			defaultConfigurationIsVisible = 0;
			defaultConfigurationName = Release;
		};
		870BFF2F150FEC5700404B03 /* Build configuration list for PBXNativeTarget "RSSTestTests" */ = {
			isa = XCConfigurationList;
			buildConfigurations = (
				870BFF30150FEC5700404B03 /* Debug */,
				870BFF31150FEC5700404B03 /* Release */,
			);
			defaultConfigurationIsVisible = 0;
			defaultConfigurationName = Release;
		};
/* End XCConfigurationList section */
	};
	rootObject = 870BFEEC150FEC5600404B03 /* Project object */;
}
